// !$*UTF8*$!
{
	archiveVersion = 1;
	classes = {
	};
	objectVersion = 46;
	objects = {

/* Begin PBXBuildFile section */
		59A517731D8C5B140063E938 /* AppDelegate.swift in Sources */ = {isa = PBXBuildFile; fileRef = 59A517721D8C5B140063E938 /* AppDelegate.swift */; };
		59A517751D8C5B140063E938 /* ViewController.swift in Sources */ = {isa = PBXBuildFile; fileRef = 59A517741D8C5B140063E938 /* ViewController.swift */; };
		59A517781D8C5B140063E938 /* Main.storyboard in Resources */ = {isa = PBXBuildFile; fileRef = 59A517761D8C5B140063E938 /* Main.storyboard */; };
		59A5177A1D8C5B140063E938 /* Assets.xcassets in Resources */ = {isa = PBXBuildFile; fileRef = 59A517791D8C5B140063E938 /* Assets.xcassets */; };
		59A5177D1D8C5B140063E938 /* LaunchScreen.storyboard in Resources */ = {isa = PBXBuildFile; fileRef = 59A5177B1D8C5B140063E938 /* LaunchScreen.storyboard */; };
		59A517881D8C5B140063E938 /* super_fun_game_demoTests.swift in Sources */ = {isa = PBXBuildFile; fileRef = 59A517871D8C5B140063E938 /* super_fun_game_demoTests.swift */; };
		59A517931D8C5B140063E938 /* super_fun_game_demoUITests.swift in Sources */ = {isa = PBXBuildFile; fileRef = 59A517921D8C5B140063E938 /* super_fun_game_demoUITests.swift */; };
		59A517DF1D8C5CAA0063E938 /* Result.framework in Frameworks */ = {isa = PBXBuildFile; fileRef = 59A517D41D8C5C950063E938 /* Result.framework */; };
		59A517E01D8C5CAA0063E938 /* Result.framework in Embed Frameworks */ = {isa = PBXBuildFile; fileRef = 59A517D41D8C5C950063E938 /* Result.framework */; settings = {ATTRIBUTES = (CodeSignOnCopy, RemoveHeadersOnCopy, ); }; };
		59A517E31D8C5CB10063E938 /* ReactiveCocoa.framework in Frameworks */ = {isa = PBXBuildFile; fileRef = 59A517AF1D8C5BEC0063E938 /* ReactiveCocoa.framework */; };
		59A517E41D8C5CB10063E938 /* ReactiveCocoa.framework in Embed Frameworks */ = {isa = PBXBuildFile; fileRef = 59A517AF1D8C5BEC0063E938 /* ReactiveCocoa.framework */; settings = {ATTRIBUTES = (CodeSignOnCopy, RemoveHeadersOnCopy, ); }; };
/* End PBXBuildFile section */

/* Begin PBXContainerItemProxy section */
		59A517841D8C5B140063E938 /* PBXContainerItemProxy */ = {
			isa = PBXContainerItemProxy;
			containerPortal = 59A517671D8C5B140063E938 /* Project object */;
			proxyType = 1;
			remoteGlobalIDString = 59A5176E1D8C5B140063E938;
			remoteInfo = "super-fun-game-demo";
		};
		59A5178F1D8C5B140063E938 /* PBXContainerItemProxy */ = {
			isa = PBXContainerItemProxy;
			containerPortal = 59A517671D8C5B140063E938 /* Project object */;
			proxyType = 1;
			remoteGlobalIDString = 59A5176E1D8C5B140063E938;
			remoteInfo = "super-fun-game-demo";
		};
		59A517AA1D8C5BEC0063E938 /* PBXContainerItemProxy */ = {
			isa = PBXContainerItemProxy;
			containerPortal = 59A517A01D8C5BEC0063E938 /* ReactiveCocoa.xcodeproj */;
			proxyType = 2;
			remoteGlobalIDString = D04725EA19E49ED7006002AA;
			remoteInfo = "ReactiveCocoa-Mac";
		};
		59A517AC1D8C5BEC0063E938 /* PBXContainerItemProxy */ = {
			isa = PBXContainerItemProxy;
			containerPortal = 59A517A01D8C5BEC0063E938 /* ReactiveCocoa.xcodeproj */;
			proxyType = 2;
			remoteGlobalIDString = D04725F519E49ED7006002AA;
			remoteInfo = "ReactiveCocoa-MacTests";
		};
		59A517AE1D8C5BEC0063E938 /* PBXContainerItemProxy */ = {
			isa = PBXContainerItemProxy;
			containerPortal = 59A517A01D8C5BEC0063E938 /* ReactiveCocoa.xcodeproj */;
			proxyType = 2;
			remoteGlobalIDString = D047260C19E49F82006002AA;
			remoteInfo = "ReactiveCocoa-iOS";
		};
		59A517B01D8C5BEC0063E938 /* PBXContainerItemProxy */ = {
			isa = PBXContainerItemProxy;
			containerPortal = 59A517A01D8C5BEC0063E938 /* ReactiveCocoa.xcodeproj */;
			proxyType = 2;
			remoteGlobalIDString = D047261619E49F82006002AA;
			remoteInfo = "ReactiveCocoa-iOSTests";
		};
		59A517B21D8C5BEC0063E938 /* PBXContainerItemProxy */ = {
			isa = PBXContainerItemProxy;
			containerPortal = 59A517A01D8C5BEC0063E938 /* ReactiveCocoa.xcodeproj */;
			proxyType = 2;
			remoteGlobalIDString = A9B315541B3940610001CB9C;
			remoteInfo = "ReactiveCocoa-watchOS";
		};
		59A517B41D8C5BEC0063E938 /* PBXContainerItemProxy */ = {
			isa = PBXContainerItemProxy;
			containerPortal = 59A517A01D8C5BEC0063E938 /* ReactiveCocoa.xcodeproj */;
			proxyType = 2;
			remoteGlobalIDString = 57A4D2411BA13D7A00F7D4B1;
			remoteInfo = "ReactiveCocoa-tvOS";
		};
		59A517B61D8C5BEC0063E938 /* PBXContainerItemProxy */ = {
			isa = PBXContainerItemProxy;
			containerPortal = 59A517A01D8C5BEC0063E938 /* ReactiveCocoa.xcodeproj */;
			proxyType = 2;
			remoteGlobalIDString = 7DFBED031CDB8C9500EE435B;
			remoteInfo = "ReactiveCocoa-tvOSTests";
		};
		59A517CF1D8C5C950063E938 /* PBXContainerItemProxy */ = {
			isa = PBXContainerItemProxy;
			containerPortal = 59A517C41D8C5C950063E938 /* Result.xcodeproj */;
			proxyType = 2;
			remoteGlobalIDString = D45480571A9572F5009D7229;
			remoteInfo = "Result-Mac";
		};
		59A517D11D8C5C950063E938 /* PBXContainerItemProxy */ = {
			isa = PBXContainerItemProxy;
			containerPortal = 59A517C41D8C5C950063E938 /* Result.xcodeproj */;
			proxyType = 2;
			remoteGlobalIDString = D45480671A9572F5009D7229;
			remoteInfo = "Result-MacTests";
		};
		59A517D31D8C5C950063E938 /* PBXContainerItemProxy */ = {
			isa = PBXContainerItemProxy;
			containerPortal = 59A517C41D8C5C950063E938 /* Result.xcodeproj */;
			proxyType = 2;
			remoteGlobalIDString = D454807D1A957361009D7229;
			remoteInfo = "Result-iOS";
		};
		59A517D51D8C5C950063E938 /* PBXContainerItemProxy */ = {
			isa = PBXContainerItemProxy;
			containerPortal = 59A517C41D8C5C950063E938 /* Result.xcodeproj */;
			proxyType = 2;
			remoteGlobalIDString = D45480871A957362009D7229;
			remoteInfo = "Result-iOSTests";
		};
		59A517D71D8C5C950063E938 /* PBXContainerItemProxy */ = {
			isa = PBXContainerItemProxy;
			containerPortal = 59A517C41D8C5C950063E938 /* Result.xcodeproj */;
			proxyType = 2;
			remoteGlobalIDString = 57FCDE471BA280DC00130C48;
			remoteInfo = "Result-tvOS";
		};
		59A517D91D8C5C950063E938 /* PBXContainerItemProxy */ = {
			isa = PBXContainerItemProxy;
			containerPortal = 59A517C41D8C5C950063E938 /* Result.xcodeproj */;
			proxyType = 2;
			remoteGlobalIDString = 57FCDE541BA280E000130C48;
			remoteInfo = "Result-tvOSTests";
		};
		59A517DB1D8C5C950063E938 /* PBXContainerItemProxy */ = {
			isa = PBXContainerItemProxy;
			containerPortal = 59A517C41D8C5C950063E938 /* Result.xcodeproj */;
			proxyType = 2;
			remoteGlobalIDString = D03579A31B2B788F005D26AE;
			remoteInfo = "Result-watchOS";
		};
		59A517DD1D8C5C950063E938 /* PBXContainerItemProxy */ = {
			isa = PBXContainerItemProxy;
			containerPortal = 59A517C41D8C5C950063E938 /* Result.xcodeproj */;
			proxyType = 2;
			remoteGlobalIDString = D03579B01B2B78A1005D26AE;
			remoteInfo = "Result-watchOSTests";
		};
		59A517E11D8C5CAA0063E938 /* PBXContainerItemProxy */ = {
			isa = PBXContainerItemProxy;
			containerPortal = 59A517C41D8C5C950063E938 /* Result.xcodeproj */;
			proxyType = 1;
			remoteGlobalIDString = D454807C1A957361009D7229;
			remoteInfo = "Result-iOS";
		};
		59A517E51D8C5CB10063E938 /* PBXContainerItemProxy */ = {
			isa = PBXContainerItemProxy;
			containerPortal = 59A517A01D8C5BEC0063E938 /* ReactiveCocoa.xcodeproj */;
			proxyType = 1;
			remoteGlobalIDString = D047260B19E49F82006002AA;
			remoteInfo = "ReactiveCocoa-iOS";
		};
/* End PBXContainerItemProxy section */

/* Begin PBXCopyFilesBuildPhase section */
		59A517BC1D8C5C2E0063E938 /* Embed Frameworks */ = {
			isa = PBXCopyFilesBuildPhase;
			buildActionMask = 2147483647;
			dstPath = "";
			dstSubfolderSpec = 10;
			files = (
				59A517E41D8C5CB10063E938 /* ReactiveCocoa.framework in Embed Frameworks */,
				59A517E01D8C5CAA0063E938 /* Result.framework in Embed Frameworks */,
			);
			name = "Embed Frameworks";
			runOnlyForDeploymentPostprocessing = 0;
		};
/* End PBXCopyFilesBuildPhase section */

/* Begin PBXFileReference section */
		59A5176F1D8C5B140063E938 /* super-fun-game-demo.app */ = {isa = PBXFileReference; explicitFileType = wrapper.application; includeInIndex = 0; path = "super-fun-game-demo.app"; sourceTree = BUILT_PRODUCTS_DIR; };
		59A517721D8C5B140063E938 /* AppDelegate.swift */ = {isa = PBXFileReference; lastKnownFileType = sourcecode.swift; path = AppDelegate.swift; sourceTree = "<group>"; };
		59A517741D8C5B140063E938 /* ViewController.swift */ = {isa = PBXFileReference; lastKnownFileType = sourcecode.swift; path = ViewController.swift; sourceTree = "<group>"; };
		59A517771D8C5B140063E938 /* Base */ = {isa = PBXFileReference; lastKnownFileType = file.storyboard; name = Base; path = Base.lproj/Main.storyboard; sourceTree = "<group>"; };
		59A517791D8C5B140063E938 /* Assets.xcassets */ = {isa = PBXFileReference; lastKnownFileType = folder.assetcatalog; path = Assets.xcassets; sourceTree = "<group>"; };
		59A5177C1D8C5B140063E938 /* Base */ = {isa = PBXFileReference; lastKnownFileType = file.storyboard; name = Base; path = Base.lproj/LaunchScreen.storyboard; sourceTree = "<group>"; };
		59A5177E1D8C5B140063E938 /* Info.plist */ = {isa = PBXFileReference; lastKnownFileType = text.plist.xml; path = Info.plist; sourceTree = "<group>"; };
		59A517831D8C5B140063E938 /* super-fun-game-demoTests.xctest */ = {isa = PBXFileReference; explicitFileType = wrapper.cfbundle; includeInIndex = 0; path = "super-fun-game-demoTests.xctest"; sourceTree = BUILT_PRODUCTS_DIR; };
		59A517871D8C5B140063E938 /* super_fun_game_demoTests.swift */ = {isa = PBXFileReference; lastKnownFileType = sourcecode.swift; path = super_fun_game_demoTests.swift; sourceTree = "<group>"; };
		59A517891D8C5B140063E938 /* Info.plist */ = {isa = PBXFileReference; lastKnownFileType = text.plist.xml; path = Info.plist; sourceTree = "<group>"; };
		59A5178E1D8C5B140063E938 /* super-fun-game-demoUITests.xctest */ = {isa = PBXFileReference; explicitFileType = wrapper.cfbundle; includeInIndex = 0; path = "super-fun-game-demoUITests.xctest"; sourceTree = BUILT_PRODUCTS_DIR; };
		59A517921D8C5B140063E938 /* super_fun_game_demoUITests.swift */ = {isa = PBXFileReference; lastKnownFileType = sourcecode.swift; path = super_fun_game_demoUITests.swift; sourceTree = "<group>"; };
		59A517941D8C5B140063E938 /* Info.plist */ = {isa = PBXFileReference; lastKnownFileType = text.plist.xml; path = Info.plist; sourceTree = "<group>"; };
		59A517A01D8C5BEC0063E938 /* ReactiveCocoa.xcodeproj */ = {isa = PBXFileReference; lastKnownFileType = "wrapper.pb-project"; name = ReactiveCocoa.xcodeproj; path = ../ReactiveCocoa/ReactiveCocoa.xcodeproj; sourceTree = "<group>"; };
		59A517C41D8C5C950063E938 /* Result.xcodeproj */ = {isa = PBXFileReference; lastKnownFileType = "wrapper.pb-project"; name = Result.xcodeproj; path = ../ReactiveCocoa/Carthage/Checkouts/Result/Result.xcodeproj; sourceTree = "<group>"; };
/* End PBXFileReference section */

/* Begin PBXFrameworksBuildPhase section */
		59A5176C1D8C5B140063E938 /* Frameworks */ = {
			isa = PBXFrameworksBuildPhase;
			buildActionMask = 2147483647;
			files = (
				59A517E31D8C5CB10063E938 /* ReactiveCocoa.framework in Frameworks */,
				59A517DF1D8C5CAA0063E938 /* Result.framework in Frameworks */,
			);
			runOnlyForDeploymentPostprocessing = 0;
		};
		59A517801D8C5B140063E938 /* Frameworks */ = {
			isa = PBXFrameworksBuildPhase;
			buildActionMask = 2147483647;
			files = (
			);
			runOnlyForDeploymentPostprocessing = 0;
		};
		59A5178B1D8C5B140063E938 /* Frameworks */ = {
			isa = PBXFrameworksBuildPhase;
			buildActionMask = 2147483647;
			files = (
			);
			runOnlyForDeploymentPostprocessing = 0;
		};
/* End PBXFrameworksBuildPhase section */

/* Begin PBXGroup section */
		59A517661D8C5B140063E938 = {
			isa = PBXGroup;
			children = (
				59A517C41D8C5C950063E938 /* Result.xcodeproj */,
				59A517A01D8C5BEC0063E938 /* ReactiveCocoa.xcodeproj */,
				59A517711D8C5B140063E938 /* super-fun-game-demo */,
				59A517861D8C5B140063E938 /* super-fun-game-demoTests */,
				59A517911D8C5B140063E938 /* super-fun-game-demoUITests */,
				59A517701D8C5B140063E938 /* Products */,
			);
			sourceTree = "<group>";
		};
		59A517701D8C5B140063E938 /* Products */ = {
			isa = PBXGroup;
			children = (
				59A5176F1D8C5B140063E938 /* super-fun-game-demo.app */,
				59A517831D8C5B140063E938 /* super-fun-game-demoTests.xctest */,
				59A5178E1D8C5B140063E938 /* super-fun-game-demoUITests.xctest */,
			);
			name = Products;
			sourceTree = "<group>";
		};
		59A517711D8C5B140063E938 /* super-fun-game-demo */ = {
			isa = PBXGroup;
			children = (
				59A517721D8C5B140063E938 /* AppDelegate.swift */,
				59A517741D8C5B140063E938 /* ViewController.swift */,
				59A517761D8C5B140063E938 /* Main.storyboard */,
				59A517791D8C5B140063E938 /* Assets.xcassets */,
				59A5177B1D8C5B140063E938 /* LaunchScreen.storyboard */,
				59A5177E1D8C5B140063E938 /* Info.plist */,
			);
			path = "super-fun-game-demo";
			sourceTree = "<group>";
		};
		59A517861D8C5B140063E938 /* super-fun-game-demoTests */ = {
			isa = PBXGroup;
			children = (
				59A517871D8C5B140063E938 /* super_fun_game_demoTests.swift */,
				59A517891D8C5B140063E938 /* Info.plist */,
			);
			path = "super-fun-game-demoTests";
			sourceTree = "<group>";
		};
		59A517911D8C5B140063E938 /* super-fun-game-demoUITests */ = {
			isa = PBXGroup;
			children = (
				59A517921D8C5B140063E938 /* super_fun_game_demoUITests.swift */,
				59A517941D8C5B140063E938 /* Info.plist */,
			);
			path = "super-fun-game-demoUITests";
			sourceTree = "<group>";
		};
		59A517A11D8C5BEC0063E938 /* Products */ = {
			isa = PBXGroup;
			children = (
				59A517AB1D8C5BEC0063E938 /* ReactiveCocoa.framework */,
				59A517AD1D8C5BEC0063E938 /* ReactiveCocoaTests.xctest */,
				59A517AF1D8C5BEC0063E938 /* ReactiveCocoa.framework */,
				59A517B11D8C5BEC0063E938 /* ReactiveCocoaTests.xctest */,
				59A517B31D8C5BEC0063E938 /* ReactiveCocoa.framework */,
				59A517B51D8C5BEC0063E938 /* ReactiveCocoa.framework */,
				59A517B71D8C5BEC0063E938 /* ReactiveCocoaTests.xctest */,
			);
			name = Products;
			sourceTree = "<group>";
		};
		59A517C51D8C5C950063E938 /* Products */ = {
			isa = PBXGroup;
			children = (
				59A517D01D8C5C950063E938 /* Result.framework */,
				59A517D21D8C5C950063E938 /* Result-MacTests.xctest */,
				59A517D41D8C5C950063E938 /* Result.framework */,
				59A517D61D8C5C950063E938 /* Result-iOSTests.xctest */,
				59A517D81D8C5C950063E938 /* Result.framework */,
				59A517DA1D8C5C950063E938 /* Result-tvOSTests.xctest */,
				59A517DC1D8C5C950063E938 /* Result.framework */,
				59A517DE1D8C5C950063E938 /* Result-watchOSTests.xctest */,
			);
			name = Products;
			sourceTree = "<group>";
		};
/* End PBXGroup section */

/* Begin PBXNativeTarget section */
		59A5176E1D8C5B140063E938 /* super-fun-game-demo */ = {
			isa = PBXNativeTarget;
			buildConfigurationList = 59A517971D8C5B140063E938 /* Build configuration list for PBXNativeTarget "super-fun-game-demo" */;
			buildPhases = (
				59A5176B1D8C5B140063E938 /* Sources */,
				59A5176C1D8C5B140063E938 /* Frameworks */,
				59A5176D1D8C5B140063E938 /* Resources */,
				59A517BC1D8C5C2E0063E938 /* Embed Frameworks */,
			);
			buildRules = (
			);
			dependencies = (
				59A517E21D8C5CAA0063E938 /* PBXTargetDependency */,
				59A517E61D8C5CB10063E938 /* PBXTargetDependency */,
			);
			name = "super-fun-game-demo";
			productName = "super-fun-game-demo";
			productReference = 59A5176F1D8C5B140063E938 /* super-fun-game-demo.app */;
			productType = "com.apple.product-type.application";
		};
		59A517821D8C5B140063E938 /* super-fun-game-demoTests */ = {
			isa = PBXNativeTarget;
			buildConfigurationList = 59A5179A1D8C5B140063E938 /* Build configuration list for PBXNativeTarget "super-fun-game-demoTests" */;
			buildPhases = (
				59A5177F1D8C5B140063E938 /* Sources */,
				59A517801D8C5B140063E938 /* Frameworks */,
				59A517811D8C5B140063E938 /* Resources */,
			);
			buildRules = (
			);
			dependencies = (
				59A517851D8C5B140063E938 /* PBXTargetDependency */,
			);
			name = "super-fun-game-demoTests";
			productName = "super-fun-game-demoTests";
			productReference = 59A517831D8C5B140063E938 /* super-fun-game-demoTests.xctest */;
			productType = "com.apple.product-type.bundle.unit-test";
		};
		59A5178D1D8C5B140063E938 /* super-fun-game-demoUITests */ = {
			isa = PBXNativeTarget;
			buildConfigurationList = 59A5179D1D8C5B140063E938 /* Build configuration list for PBXNativeTarget "super-fun-game-demoUITests" */;
			buildPhases = (
				59A5178A1D8C5B140063E938 /* Sources */,
				59A5178B1D8C5B140063E938 /* Frameworks */,
				59A5178C1D8C5B140063E938 /* Resources */,
			);
			buildRules = (
			);
			dependencies = (
				59A517901D8C5B140063E938 /* PBXTargetDependency */,
			);
			name = "super-fun-game-demoUITests";
			productName = "super-fun-game-demoUITests";
			productReference = 59A5178E1D8C5B140063E938 /* super-fun-game-demoUITests.xctest */;
			productType = "com.apple.product-type.bundle.ui-testing";
		};
/* End PBXNativeTarget section */

/* Begin PBXProject section */
		59A517671D8C5B140063E938 /* Project object */ = {
			isa = PBXProject;
			attributes = {
				LastSwiftUpdateCheck = 0730;
				LastUpgradeCheck = 0730;
				ORGANIZATIONNAME = "Lisa Luo";
				TargetAttributes = {
					59A5176E1D8C5B140063E938 = {
						CreatedOnToolsVersion = 7.3.1;
					};
					59A517821D8C5B140063E938 = {
						CreatedOnToolsVersion = 7.3.1;
						TestTargetID = 59A5176E1D8C5B140063E938;
					};
					59A5178D1D8C5B140063E938 = {
						CreatedOnToolsVersion = 7.3.1;
						TestTargetID = 59A5176E1D8C5B140063E938;
					};
				};
			};
			buildConfigurationList = 59A5176A1D8C5B140063E938 /* Build configuration list for PBXProject "super-fun-game-demo" */;
			compatibilityVersion = "Xcode 3.2";
			developmentRegion = English;
			hasScannedForEncodings = 0;
			knownRegions = (
				en,
				Base,
			);
			mainGroup = 59A517661D8C5B140063E938;
			productRefGroup = 59A517701D8C5B140063E938 /* Products */;
			projectDirPath = "";
			projectReferences = (
				{
					ProductGroup = 59A517A11D8C5BEC0063E938 /* Products */;
					ProjectRef = 59A517A01D8C5BEC0063E938 /* ReactiveCocoa.xcodeproj */;
				},
				{
					ProductGroup = 59A517C51D8C5C950063E938 /* Products */;
					ProjectRef = 59A517C41D8C5C950063E938 /* Result.xcodeproj */;
				},
			);
			projectRoot = "";
			targets = (
				59A5176E1D8C5B140063E938 /* super-fun-game-demo */,
				59A517821D8C5B140063E938 /* super-fun-game-demoTests */,
				59A5178D1D8C5B140063E938 /* super-fun-game-demoUITests */,
			);
		};
/* End PBXProject section */

/* Begin PBXReferenceProxy section */
		59A517AB1D8C5BEC0063E938 /* ReactiveCocoa.framework */ = {
			isa = PBXReferenceProxy;
			fileType = wrapper.framework;
			path = ReactiveCocoa.framework;
			remoteRef = 59A517AA1D8C5BEC0063E938 /* PBXContainerItemProxy */;
			sourceTree = BUILT_PRODUCTS_DIR;
		};
		59A517AD1D8C5BEC0063E938 /* ReactiveCocoaTests.xctest */ = {
			isa = PBXReferenceProxy;
			fileType = wrapper.cfbundle;
			path = ReactiveCocoaTests.xctest;
			remoteRef = 59A517AC1D8C5BEC0063E938 /* PBXContainerItemProxy */;
			sourceTree = BUILT_PRODUCTS_DIR;
		};
		59A517AF1D8C5BEC0063E938 /* ReactiveCocoa.framework */ = {
			isa = PBXReferenceProxy;
			fileType = wrapper.framework;
			path = ReactiveCocoa.framework;
			remoteRef = 59A517AE1D8C5BEC0063E938 /* PBXContainerItemProxy */;
			sourceTree = BUILT_PRODUCTS_DIR;
		};
		59A517B11D8C5BEC0063E938 /* ReactiveCocoaTests.xctest */ = {
			isa = PBXReferenceProxy;
			fileType = wrapper.cfbundle;
			path = ReactiveCocoaTests.xctest;
			remoteRef = 59A517B01D8C5BEC0063E938 /* PBXContainerItemProxy */;
			sourceTree = BUILT_PRODUCTS_DIR;
		};
		59A517B31D8C5BEC0063E938 /* ReactiveCocoa.framework */ = {
			isa = PBXReferenceProxy;
			fileType = wrapper.framework;
			path = ReactiveCocoa.framework;
			remoteRef = 59A517B21D8C5BEC0063E938 /* PBXContainerItemProxy */;
			sourceTree = BUILT_PRODUCTS_DIR;
		};
		59A517B51D8C5BEC0063E938 /* ReactiveCocoa.framework */ = {
			isa = PBXReferenceProxy;
			fileType = wrapper.framework;
			path = ReactiveCocoa.framework;
			remoteRef = 59A517B41D8C5BEC0063E938 /* PBXContainerItemProxy */;
			sourceTree = BUILT_PRODUCTS_DIR;
		};
		59A517B71D8C5BEC0063E938 /* ReactiveCocoaTests.xctest */ = {
			isa = PBXReferenceProxy;
			fileType = wrapper.cfbundle;
			path = ReactiveCocoaTests.xctest;
			remoteRef = 59A517B61D8C5BEC0063E938 /* PBXContainerItemProxy */;
			sourceTree = BUILT_PRODUCTS_DIR;
		};
		59A517D01D8C5C950063E938 /* Result.framework */ = {
			isa = PBXReferenceProxy;
			fileType = wrapper.framework;
			path = Result.framework;
			remoteRef = 59A517CF1D8C5C950063E938 /* PBXContainerItemProxy */;
			sourceTree = BUILT_PRODUCTS_DIR;
		};
		59A517D21D8C5C950063E938 /* Result-MacTests.xctest */ = {
			isa = PBXReferenceProxy;
			fileType = wrapper.cfbundle;
			path = "Result-MacTests.xctest";
			remoteRef = 59A517D11D8C5C950063E938 /* PBXContainerItemProxy */;
			sourceTree = BUILT_PRODUCTS_DIR;
		};
		59A517D41D8C5C950063E938 /* Result.framework */ = {
			isa = PBXReferenceProxy;
			fileType = wrapper.framework;
			path = Result.framework;
			remoteRef = 59A517D31D8C5C950063E938 /* PBXContainerItemProxy */;
			sourceTree = BUILT_PRODUCTS_DIR;
		};
		59A517D61D8C5C950063E938 /* Result-iOSTests.xctest */ = {
			isa = PBXReferenceProxy;
			fileType = wrapper.cfbundle;
			path = "Result-iOSTests.xctest";
			remoteRef = 59A517D51D8C5C950063E938 /* PBXContainerItemProxy */;
			sourceTree = BUILT_PRODUCTS_DIR;
		};
		59A517D81D8C5C950063E938 /* Result.framework */ = {
			isa = PBXReferenceProxy;
			fileType = wrapper.framework;
			path = Result.framework;
			remoteRef = 59A517D71D8C5C950063E938 /* PBXContainerItemProxy */;
			sourceTree = BUILT_PRODUCTS_DIR;
		};
		59A517DA1D8C5C950063E938 /* Result-tvOSTests.xctest */ = {
			isa = PBXReferenceProxy;
			fileType = wrapper.cfbundle;
			path = "Result-tvOSTests.xctest";
			remoteRef = 59A517D91D8C5C950063E938 /* PBXContainerItemProxy */;
			sourceTree = BUILT_PRODUCTS_DIR;
		};
		59A517DC1D8C5C950063E938 /* Result.framework */ = {
			isa = PBXReferenceProxy;
			fileType = wrapper.framework;
			path = Result.framework;
			remoteRef = 59A517DB1D8C5C950063E938 /* PBXContainerItemProxy */;
			sourceTree = BUILT_PRODUCTS_DIR;
		};
		59A517DE1D8C5C950063E938 /* Result-watchOSTests.xctest */ = {
			isa = PBXReferenceProxy;
			fileType = wrapper.cfbundle;
			path = "Result-watchOSTests.xctest";
			remoteRef = 59A517DD1D8C5C950063E938 /* PBXContainerItemProxy */;
			sourceTree = BUILT_PRODUCTS_DIR;
		};
/* End PBXReferenceProxy section */

/* Begin PBXResourcesBuildPhase section */
		59A5176D1D8C5B140063E938 /* Resources */ = {
			isa = PBXResourcesBuildPhase;
			buildActionMask = 2147483647;
			files = (
				59A5177D1D8C5B140063E938 /* LaunchScreen.storyboard in Resources */,
				59A5177A1D8C5B140063E938 /* Assets.xcassets in Resources */,
				59A517781D8C5B140063E938 /* Main.storyboard in Resources */,
			);
			runOnlyForDeploymentPostprocessing = 0;
		};
		59A517811D8C5B140063E938 /* Resources */ = {
			isa = PBXResourcesBuildPhase;
			buildActionMask = 2147483647;
			files = (
			);
			runOnlyForDeploymentPostprocessing = 0;
		};
		59A5178C1D8C5B140063E938 /* Resources */ = {
			isa = PBXResourcesBuildPhase;
			buildActionMask = 2147483647;
			files = (
			);
			runOnlyForDeploymentPostprocessing = 0;
		};
/* End PBXResourcesBuildPhase section */

/* Begin PBXSourcesBuildPhase section */
		59A5176B1D8C5B140063E938 /* Sources */ = {
			isa = PBXSourcesBuildPhase;
			buildActionMask = 2147483647;
			files = (
				59A517751D8C5B140063E938 /* ViewController.swift in Sources */,
				59A517731D8C5B140063E938 /* AppDelegate.swift in Sources */,
			);
			runOnlyForDeploymentPostprocessing = 0;
		};
		59A5177F1D8C5B140063E938 /* Sources */ = {
			isa = PBXSourcesBuildPhase;
			buildActionMask = 2147483647;
			files = (
				59A517881D8C5B140063E938 /* super_fun_game_demoTests.swift in Sources */,
			);
			runOnlyForDeploymentPostprocessing = 0;
		};
		59A5178A1D8C5B140063E938 /* Sources */ = {
			isa = PBXSourcesBuildPhase;
			buildActionMask = 2147483647;
			files = (
				59A517931D8C5B140063E938 /* super_fun_game_demoUITests.swift in Sources */,
			);
			runOnlyForDeploymentPostprocessing = 0;
		};
/* End PBXSourcesBuildPhase section */

/* Begin PBXTargetDependency section */
		59A517851D8C5B140063E938 /* PBXTargetDependency */ = {
			isa = PBXTargetDependency;
			target = 59A5176E1D8C5B140063E938 /* super-fun-game-demo */;
			targetProxy = 59A517841D8C5B140063E938 /* PBXContainerItemProxy */;
		};
		59A517901D8C5B140063E938 /* PBXTargetDependency */ = {
			isa = PBXTargetDependency;
			target = 59A5176E1D8C5B140063E938 /* super-fun-game-demo */;
			targetProxy = 59A5178F1D8C5B140063E938 /* PBXContainerItemProxy */;
		};
		59A517E21D8C5CAA0063E938 /* PBXTargetDependency */ = {
			isa = PBXTargetDependency;
			name = "Result-iOS";
			targetProxy = 59A517E11D8C5CAA0063E938 /* PBXContainerItemProxy */;
		};
		59A517E61D8C5CB10063E938 /* PBXTargetDependency */ = {
			isa = PBXTargetDependency;
			name = "ReactiveCocoa-iOS";
			targetProxy = 59A517E51D8C5CB10063E938 /* PBXContainerItemProxy */;
		};
/* End PBXTargetDependency section */

/* Begin PBXVariantGroup section */
		59A517761D8C5B140063E938 /* Main.storyboard */ = {
			isa = PBXVariantGroup;
			children = (
				59A517771D8C5B140063E938 /* Base */,
			);
			name = Main.storyboard;
			sourceTree = "<group>";
		};
		59A5177B1D8C5B140063E938 /* LaunchScreen.storyboard */ = {
			isa = PBXVariantGroup;
			children = (
				59A5177C1D8C5B140063E938 /* Base */,
			);
			name = LaunchScreen.storyboard;
			sourceTree = "<group>";
		};
/* End PBXVariantGroup section */

/* Begin XCBuildConfiguration section */
		59A517951D8C5B140063E938 /* Debug */ = {
			isa = XCBuildConfiguration;
			buildSettings = {
				ALWAYS_SEARCH_USER_PATHS = NO;
				CLANG_ANALYZER_NONNULL = YES;
				CLANG_CXX_LANGUAGE_STANDARD = "gnu++0x";
				CLANG_CXX_LIBRARY = "libc++";
				CLANG_ENABLE_MODULES = YES;
				CLANG_ENABLE_OBJC_ARC = YES;
				CLANG_WARN_BOOL_CONVERSION = YES;
				CLANG_WARN_CONSTANT_CONVERSION = YES;
				CLANG_WARN_DIRECT_OBJC_ISA_USAGE = YES_ERROR;
				CLANG_WARN_EMPTY_BODY = YES;
				CLANG_WARN_ENUM_CONVERSION = YES;
				CLANG_WARN_INT_CONVERSION = YES;
				CLANG_WARN_OBJC_ROOT_CLASS = YES_ERROR;
				CLANG_WARN_UNREACHABLE_CODE = YES;
				CLANG_WARN__DUPLICATE_METHOD_MATCH = YES;
				"CODE_SIGN_IDENTITY[sdk=iphoneos*]" = "iPhone Developer";
				COPY_PHASE_STRIP = NO;
				DEBUG_INFORMATION_FORMAT = dwarf;
				ENABLE_STRICT_OBJC_MSGSEND = YES;
				ENABLE_TESTABILITY = YES;
				GCC_C_LANGUAGE_STANDARD = gnu99;
				GCC_DYNAMIC_NO_PIC = NO;
				GCC_NO_COMMON_BLOCKS = YES;
				GCC_OPTIMIZATION_LEVEL = 0;
				GCC_PREPROCESSOR_DEFINITIONS = (
					"DEBUG=1",
					"$(inherited)",
				);
				GCC_WARN_64_TO_32_BIT_CONVERSION = YES;
				GCC_WARN_ABOUT_RETURN_TYPE = YES_ERROR;
				GCC_WARN_UNDECLARED_SELECTOR = YES;
				GCC_WARN_UNINITIALIZED_AUTOS = YES_AGGRESSIVE;
				GCC_WARN_UNUSED_FUNCTION = YES;
				GCC_WARN_UNUSED_VARIABLE = YES;
				IPHONEOS_DEPLOYMENT_TARGET = 9.3;
				MTL_ENABLE_DEBUG_INFO = YES;
				ONLY_ACTIVE_ARCH = YES;
				SDKROOT = iphoneos;
				SWIFT_OPTIMIZATION_LEVEL = "-Onone";
				TARGETED_DEVICE_FAMILY = "1,2";
			};
			name = Debug;
		};
		59A517961D8C5B140063E938 /* Release */ = {
			isa = XCBuildConfiguration;
			buildSettings = {
				ALWAYS_SEARCH_USER_PATHS = NO;
				CLANG_ANALYZER_NONNULL = YES;
				CLANG_CXX_LANGUAGE_STANDARD = "gnu++0x";
				CLANG_CXX_LIBRARY = "libc++";
				CLANG_ENABLE_MODULES = YES;
				CLANG_ENABLE_OBJC_ARC = YES;
				CLANG_WARN_BOOL_CONVERSION = YES;
				CLANG_WARN_CONSTANT_CONVERSION = YES;
				CLANG_WARN_DIRECT_OBJC_ISA_USAGE = YES_ERROR;
				CLANG_WARN_EMPTY_BODY = YES;
				CLANG_WARN_ENUM_CONVERSION = YES;
				CLANG_WARN_INT_CONVERSION = YES;
				CLANG_WARN_OBJC_ROOT_CLASS = YES_ERROR;
				CLANG_WARN_UNREACHABLE_CODE = YES;
				CLANG_WARN__DUPLICATE_METHOD_MATCH = YES;
				"CODE_SIGN_IDENTITY[sdk=iphoneos*]" = "iPhone Developer";
				COPY_PHASE_STRIP = NO;
				DEBUG_INFORMATION_FORMAT = "dwarf-with-dsym";
				ENABLE_NS_ASSERTIONS = NO;
				ENABLE_STRICT_OBJC_MSGSEND = YES;
				GCC_C_LANGUAGE_STANDARD = gnu99;
				GCC_NO_COMMON_BLOCKS = YES;
				GCC_WARN_64_TO_32_BIT_CONVERSION = YES;
				GCC_WARN_ABOUT_RETURN_TYPE = YES_ERROR;
				GCC_WARN_UNDECLARED_SELECTOR = YES;
				GCC_WARN_UNINITIALIZED_AUTOS = YES_AGGRESSIVE;
				GCC_WARN_UNUSED_FUNCTION = YES;
				GCC_WARN_UNUSED_VARIABLE = YES;
				IPHONEOS_DEPLOYMENT_TARGET = 9.3;
				MTL_ENABLE_DEBUG_INFO = NO;
				SDKROOT = iphoneos;
				TARGETED_DEVICE_FAMILY = "1,2";
				VALIDATE_PRODUCT = YES;
			};
			name = Release;
		};
		59A517981D8C5B140063E938 /* Debug */ = {
			isa = XCBuildConfiguration;
			buildSettings = {
				ASSETCATALOG_COMPILER_APPICON_NAME = AppIcon;
				EMBEDDED_CONTENT_CONTAINS_SWIFT = YES;
				INFOPLIST_FILE = "super-fun-game-demo/Info.plist";
				LD_RUNPATH_SEARCH_PATHS = "$(inherited) @executable_path/Frameworks";
				PRODUCT_BUNDLE_IDENTIFIER = "com.funswiftconf.super-fun-game-demo";
				PRODUCT_NAME = "$(TARGET_NAME)";
			};
			name = Debug;
		};
		59A517991D8C5B140063E938 /* Release */ = {
			isa = XCBuildConfiguration;
			buildSettings = {
				ASSETCATALOG_COMPILER_APPICON_NAME = AppIcon;
				EMBEDDED_CONTENT_CONTAINS_SWIFT = YES;
				INFOPLIST_FILE = "super-fun-game-demo/Info.plist";
				LD_RUNPATH_SEARCH_PATHS = "$(inherited) @executable_path/Frameworks";
				PRODUCT_BUNDLE_IDENTIFIER = "com.funswiftconf.super-fun-game-demo";
				PRODUCT_NAME = "$(TARGET_NAME)";
			};
			name = Release;
		};
		59A5179B1D8C5B140063E938 /* Debug */ = {
			isa = XCBuildConfiguration;
			buildSettings = {
				BUNDLE_LOADER = "$(TEST_HOST)";
				INFOPLIST_FILE = "super-fun-game-demoTests/Info.plist";
				LD_RUNPATH_SEARCH_PATHS = "$(inherited) @executable_path/Frameworks @loader_path/Frameworks";
				PRODUCT_BUNDLE_IDENTIFIER = "com.funswiftconf.super-fun-game-demoTests";
				PRODUCT_NAME = "$(TARGET_NAME)";
				TEST_HOST = "$(BUILT_PRODUCTS_DIR)/super-fun-game-demo.app/super-fun-game-demo";
			};
			name = Debug;
		};
		59A5179C1D8C5B140063E938 /* Release */ = {
			isa = XCBuildConfiguration;
			buildSettings = {
				BUNDLE_LOADER = "$(TEST_HOST)";
				INFOPLIST_FILE = "super-fun-game-demoTests/Info.plist";
				LD_RUNPATH_SEARCH_PATHS = "$(inherited) @executable_path/Frameworks @loader_path/Frameworks";
				PRODUCT_BUNDLE_IDENTIFIER = "com.funswiftconf.super-fun-game-demoTests";
				PRODUCT_NAME = "$(TARGET_NAME)";
				TEST_HOST = "$(BUILT_PRODUCTS_DIR)/super-fun-game-demo.app/super-fun-game-demo";
			};
			name = Release;
		};
		59A5179E1D8C5B140063E938 /* Debug */ = {
			isa = XCBuildConfiguration;
			buildSettings = {
				INFOPLIST_FILE = "super-fun-game-demoUITests/Info.plist";
				LD_RUNPATH_SEARCH_PATHS = "$(inherited) @executable_path/Frameworks @loader_path/Frameworks";
				PRODUCT_BUNDLE_IDENTIFIER = "com.funswiftconf.super-fun-game-demoUITests";
				PRODUCT_NAME = "$(TARGET_NAME)";
				TEST_TARGET_NAME = "super-fun-game-demo";
			};
			name = Debug;
		};
		59A5179F1D8C5B140063E938 /* Release */ = {
			isa = XCBuildConfiguration;
			buildSettings = {
				INFOPLIST_FILE = "super-fun-game-demoUITests/Info.plist";
				LD_RUNPATH_SEARCH_PATHS = "$(inherited) @executable_path/Frameworks @loader_path/Frameworks";
				PRODUCT_BUNDLE_IDENTIFIER = "com.funswiftconf.super-fun-game-demoUITests";
				PRODUCT_NAME = "$(TARGET_NAME)";
				TEST_TARGET_NAME = "super-fun-game-demo";
			};
			name = Release;
		};
/* End XCBuildConfiguration section */

/* Begin XCConfigurationList section */
		59A5176A1D8C5B140063E938 /* Build configuration list for PBXProject "super-fun-game-demo" */ = {
			isa = XCConfigurationList;
			buildConfigurations = (
				59A517951D8C5B140063E938 /* Debug */,
				59A517961D8C5B140063E938 /* Release */,
			);
			defaultConfigurationIsVisible = 0;
			defaultConfigurationName = Release;
		};
		59A517971D8C5B140063E938 /* Build configuration list for PBXNativeTarget "super-fun-game-demo" */ = {
			isa = XCConfigurationList;
			buildConfigurations = (
				59A517981D8C5B140063E938 /* Debug */,
				59A517991D8C5B140063E938 /* Release */,
			);
			defaultConfigurationIsVisible = 0;
			defaultConfigurationName = Release;
		};
		59A5179A1D8C5B140063E938 /* Build configuration list for PBXNativeTarget "super-fun-game-demoTests" */ = {
			isa = XCConfigurationList;
			buildConfigurations = (
				59A5179B1D8C5B140063E938 /* Debug */,
				59A5179C1D8C5B140063E938 /* Release */,
			);
			defaultConfigurationIsVisible = 0;
			defaultConfigurationName = Release;
		};
		59A5179D1D8C5B140063E938 /* Build configuration list for PBXNativeTarget "super-fun-game-demoUITests" */ = {
			isa = XCConfigurationList;
			buildConfigurations = (
				59A5179E1D8C5B140063E938 /* Debug */,
				59A5179F1D8C5B140063E938 /* Release */,
			);
			defaultConfigurationIsVisible = 0;
			defaultConfigurationName = Release;
		};
/* End XCConfigurationList section */
	};
	rootObject = 59A517671D8C5B140063E938 /* Project object */;
}
